// !$*UTF8*$!
{
	archiveVersion = 1;
	classes = {
	};
	objectVersion = 56;
	objects = {

/* Begin PBXBuildFile section */
		0581E9202BAC91A400453A25 /* Assets.xcassets in Resources */ = {isa = PBXBuildFile; fileRef = 0581E91F2BAC91A400453A25 /* Assets.xcassets */; };
		0581E92E2BAC91A400453A25 /* TableViewJsonTests.swift in Sources */ = {isa = PBXBuildFile; fileRef = 0581E92D2BAC91A400453A25 /* TableViewJsonTests.swift */; };
		0581E9382BAC91A400453A25 /* TableViewJsonUITests.swift in Sources */ = {isa = PBXBuildFile; fileRef = 0581E9372BAC91A400453A25 /* TableViewJsonUITests.swift */; };
		0581E93A2BAC91A400453A25 /* TableViewJsonUITestsLaunchTests.swift in Sources */ = {isa = PBXBuildFile; fileRef = 0581E9392BAC91A400453A25 /* TableViewJsonUITestsLaunchTests.swift */; };
		DA2886F12BAD167900BF93B7 /* Reachability in Frameworks */ = {isa = PBXBuildFile; productRef = DA2886F02BAD167900BF93B7 /* Reachability */; };
		DA2886FF2BAD207200BF93B7 /* CountryListM.swift in Sources */ = {isa = PBXBuildFile; fileRef = DA2886F52BAD207200BF93B7 /* CountryListM.swift */; };
		DA2887002BAD207200BF93B7 /* CountryCell.xib in Resources */ = {isa = PBXBuildFile; fileRef = DA2886F72BAD207200BF93B7 /* CountryCell.xib */; };
		DA2887012BAD207200BF93B7 /* CountryCell.swift in Sources */ = {isa = PBXBuildFile; fileRef = DA2886F82BAD207200BF93B7 /* CountryCell.swift */; };
		DA2887022BAD207200BF93B7 /* ViewController.swift in Sources */ = {isa = PBXBuildFile; fileRef = DA2886FA2BAD207200BF93B7 /* ViewController.swift */; };
		DA2887032BAD207200BF93B7 /* Utility.swift in Sources */ = {isa = PBXBuildFile; fileRef = DA2886FC2BAD207200BF93B7 /* Utility.swift */; };
		DA2887042BAD207200BF93B7 /* CountryListVM.swift in Sources */ = {isa = PBXBuildFile; fileRef = DA2886FE2BAD207200BF93B7 /* CountryListVM.swift */; };
		DA2887082BAD209B00BF93B7 /* AppDelegate.swift in Sources */ = {isa = PBXBuildFile; fileRef = DA2887062BAD209B00BF93B7 /* AppDelegate.swift */; };
		DA2887092BAD209B00BF93B7 /* SceneDelegate.swift in Sources */ = {isa = PBXBuildFile; fileRef = DA2887072BAD209B00BF93B7 /* SceneDelegate.swift */; };
		DA28870D2BAD20D000BF93B7 /* LaunchScreen.storyboard in Resources */ = {isa = PBXBuildFile; fileRef = DA28870B2BAD20D000BF93B7 /* LaunchScreen.storyboard */; };
		DA28870E2BAD20D000BF93B7 /* Main.storyboard in Resources */ = {isa = PBXBuildFile; fileRef = DA28870C2BAD20D000BF93B7 /* Main.storyboard */; };
/* End PBXBuildFile section */

/* Begin PBXContainerItemProxy section */
		0581E92A2BAC91A400453A25 /* PBXContainerItemProxy */ = {
			isa = PBXContainerItemProxy;
			containerPortal = 0581E90B2BAC91A200453A25 /* Project object */;
			proxyType = 1;
			remoteGlobalIDString = 0581E9122BAC91A200453A25;
			remoteInfo = TableViewJson;
		};
		0581E9342BAC91A400453A25 /* PBXContainerItemProxy */ = {
			isa = PBXContainerItemProxy;
			containerPortal = 0581E90B2BAC91A200453A25 /* Project object */;
			proxyType = 1;
			remoteGlobalIDString = 0581E9122BAC91A200453A25;
			remoteInfo = TableViewJson;
		};
/* End PBXContainerItemProxy section */

/* Begin PBXFileReference section */
		0581E9132BAC91A200453A25 /* TableViewJson.app */ = {isa = PBXFileReference; explicitFileType = wrapper.application; includeInIndex = 0; path = TableViewJson.app; sourceTree = BUILT_PRODUCTS_DIR; };
		0581E91F2BAC91A400453A25 /* Assets.xcassets */ = {isa = PBXFileReference; lastKnownFileType = folder.assetcatalog; path = Assets.xcassets; sourceTree = "<group>"; };
		0581E9242BAC91A400453A25 /* Info.plist */ = {isa = PBXFileReference; lastKnownFileType = text.plist.xml; path = Info.plist; sourceTree = "<group>"; };
		0581E9292BAC91A400453A25 /* TableViewJsonTests.xctest */ = {isa = PBXFileReference; explicitFileType = wrapper.cfbundle; includeInIndex = 0; path = TableViewJsonTests.xctest; sourceTree = BUILT_PRODUCTS_DIR; };
		0581E92D2BAC91A400453A25 /* TableViewJsonTests.swift */ = {isa = PBXFileReference; lastKnownFileType = sourcecode.swift; path = TableViewJsonTests.swift; sourceTree = "<group>"; };
		0581E9332BAC91A400453A25 /* TableViewJsonUITests.xctest */ = {isa = PBXFileReference; explicitFileType = wrapper.cfbundle; includeInIndex = 0; path = TableViewJsonUITests.xctest; sourceTree = BUILT_PRODUCTS_DIR; };
		0581E9372BAC91A400453A25 /* TableViewJsonUITests.swift */ = {isa = PBXFileReference; lastKnownFileType = sourcecode.swift; path = TableViewJsonUITests.swift; sourceTree = "<group>"; };
		0581E9392BAC91A400453A25 /* TableViewJsonUITestsLaunchTests.swift */ = {isa = PBXFileReference; lastKnownFileType = sourcecode.swift; path = TableViewJsonUITestsLaunchTests.swift; sourceTree = "<group>"; };
		DA2886F52BAD207200BF93B7 /* CountryListM.swift */ = {isa = PBXFileReference; fileEncoding = 4; lastKnownFileType = sourcecode.swift; path = CountryListM.swift; sourceTree = "<group>"; };
		DA2886F72BAD207200BF93B7 /* CountryCell.xib */ = {isa = PBXFileReference; fileEncoding = 4; lastKnownFileType = file.xib; path = CountryCell.xib; sourceTree = "<group>"; };
		DA2886F82BAD207200BF93B7 /* CountryCell.swift */ = {isa = PBXFileReference; fileEncoding = 4; lastKnownFileType = sourcecode.swift; path = CountryCell.swift; sourceTree = "<group>"; };
		DA2886FA2BAD207200BF93B7 /* ViewController.swift */ = {isa = PBXFileReference; fileEncoding = 4; lastKnownFileType = sourcecode.swift; path = ViewController.swift; sourceTree = "<group>"; };
		DA2886FC2BAD207200BF93B7 /* Utility.swift */ = {isa = PBXFileReference; fileEncoding = 4; lastKnownFileType = sourcecode.swift; path = Utility.swift; sourceTree = "<group>"; };
		DA2886FE2BAD207200BF93B7 /* CountryListVM.swift */ = {isa = PBXFileReference; fileEncoding = 4; lastKnownFileType = sourcecode.swift; path = CountryListVM.swift; sourceTree = "<group>"; };
		DA2887062BAD209B00BF93B7 /* AppDelegate.swift */ = {isa = PBXFileReference; fileEncoding = 4; lastKnownFileType = sourcecode.swift; path = AppDelegate.swift; sourceTree = "<group>"; };
		DA2887072BAD209B00BF93B7 /* SceneDelegate.swift */ = {isa = PBXFileReference; fileEncoding = 4; lastKnownFileType = sourcecode.swift; path = SceneDelegate.swift; sourceTree = "<group>"; };
		DA28870B2BAD20D000BF93B7 /* LaunchScreen.storyboard */ = {isa = PBXFileReference; fileEncoding = 4; lastKnownFileType = file.storyboard; path = LaunchScreen.storyboard; sourceTree = "<group>"; };
		DA28870C2BAD20D000BF93B7 /* Main.storyboard */ = {isa = PBXFileReference; fileEncoding = 4; lastKnownFileType = file.storyboard; path = Main.storyboard; sourceTree = "<group>"; };
/* End PBXFileReference section */

/* Begin PBXFrameworksBuildPhase section */
		0581E9102BAC91A200453A25 /* Frameworks */ = {
			isa = PBXFrameworksBuildPhase;
			buildActionMask = 2147483647;
			files = (
				DA2886F12BAD167900BF93B7 /* Reachability in Frameworks */,
			);
			runOnlyForDeploymentPostprocessing = 0;
		};
		0581E9262BAC91A400453A25 /* Frameworks */ = {
			isa = PBXFrameworksBuildPhase;
			buildActionMask = 2147483647;
			files = (
			);
			runOnlyForDeploymentPostprocessing = 0;
		};
		0581E9302BAC91A400453A25 /* Frameworks */ = {
			isa = PBXFrameworksBuildPhase;
			buildActionMask = 2147483647;
			files = (
			);
			runOnlyForDeploymentPostprocessing = 0;
		};
/* End PBXFrameworksBuildPhase section */

/* Begin PBXGroup section */
		0581E90A2BAC91A200453A25 = {
			isa = PBXGroup;
			children = (
				0581E9152BAC91A200453A25 /* TableViewJson */,
				0581E92C2BAC91A400453A25 /* TableViewJsonTests */,
				0581E9362BAC91A400453A25 /* TableViewJsonUITests */,
				0581E9142BAC91A200453A25 /* Products */,
			);
			sourceTree = "<group>";
		};
		0581E9142BAC91A200453A25 /* Products */ = {
			isa = PBXGroup;
			children = (
				0581E9132BAC91A200453A25 /* TableViewJson.app */,
				0581E9292BAC91A400453A25 /* TableViewJsonTests.xctest */,
				0581E9332BAC91A400453A25 /* TableViewJsonUITests.xctest */,
			);
			name = Products;
			sourceTree = "<group>";
		};
		0581E9152BAC91A200453A25 /* TableViewJson */ = {
			isa = PBXGroup;
			children = (
				DA2887052BAD209B00BF93B7 /* AppDelegate */,
				DA2886F92BAD207200BF93B7 /* Controller */,
				DA2886F62BAD207200BF93B7 /* CountryCell */,
				DA2886F42BAD207200BF93B7 /* Model */,
				DA2886FD2BAD207200BF93B7 /* ViewModel */,
				DA2886FB2BAD207200BF93B7 /* Utility */,
				DA28870A2BAD20D000BF93B7 /* UI */,
				0581E91F2BAC91A400453A25 /* Assets.xcassets */,
				0581E9242BAC91A400453A25 /* Info.plist */,
			);
			path = TableViewJson;
			sourceTree = "<group>";
		};
		0581E92C2BAC91A400453A25 /* TableViewJsonTests */ = {
			isa = PBXGroup;
			children = (
				0581E92D2BAC91A400453A25 /* TableViewJsonTests.swift */,
			);
			path = TableViewJsonTests;
			sourceTree = "<group>";
		};
		0581E9362BAC91A400453A25 /* TableViewJsonUITests */ = {
			isa = PBXGroup;
			children = (
				0581E9372BAC91A400453A25 /* TableViewJsonUITests.swift */,
				0581E9392BAC91A400453A25 /* TableViewJsonUITestsLaunchTests.swift */,
			);
			path = TableViewJsonUITests;
			sourceTree = "<group>";
		};
		DA2886F42BAD207200BF93B7 /* Model */ = {
			isa = PBXGroup;
			children = (
				DA2886F52BAD207200BF93B7 /* CountryListM.swift */,
			);
			path = Model;
			sourceTree = "<group>";
		};
		DA2886F62BAD207200BF93B7 /* CountryCell */ = {
			isa = PBXGroup;
			children = (
				DA2886F72BAD207200BF93B7 /* CountryCell.xib */,
				DA2886F82BAD207200BF93B7 /* CountryCell.swift */,
			);
			path = CountryCell;
			sourceTree = "<group>";
		};
		DA2886F92BAD207200BF93B7 /* Controller */ = {
			isa = PBXGroup;
			children = (
				DA2886FA2BAD207200BF93B7 /* ViewController.swift */,
			);
			path = Controller;
			sourceTree = "<group>";
		};
		DA2886FB2BAD207200BF93B7 /* Utility */ = {
			isa = PBXGroup;
			children = (
				DA2886FC2BAD207200BF93B7 /* Utility.swift */,
			);
			path = Utility;
			sourceTree = "<group>";
		};
		DA2886FD2BAD207200BF93B7 /* ViewModel */ = {
			isa = PBXGroup;
			children = (
				DA2886FE2BAD207200BF93B7 /* CountryListVM.swift */,
			);
			path = ViewModel;
			sourceTree = "<group>";
		};
		DA2887052BAD209B00BF93B7 /* AppDelegate */ = {
			isa = PBXGroup;
			children = (
				DA2887062BAD209B00BF93B7 /* AppDelegate.swift */,
				DA2887072BAD209B00BF93B7 /* SceneDelegate.swift */,
			);
			path = AppDelegate;
			sourceTree = "<group>";
		};
		DA28870A2BAD20D000BF93B7 /* UI */ = {
			isa = PBXGroup;
			children = (
				DA28870B2BAD20D000BF93B7 /* LaunchScreen.storyboard */,
				DA28870C2BAD20D000BF93B7 /* Main.storyboard */,
			);
			name = UI;
			path = Base.lproj/UI;
			sourceTree = "<group>";
		};
/* End PBXGroup section */

/* Begin PBXNativeTarget section */
		0581E9122BAC91A200453A25 /* TableViewJson */ = {
			isa = PBXNativeTarget;
			buildConfigurationList = 0581E93D2BAC91A400453A25 /* Build configuration list for PBXNativeTarget "TableViewJson" */;
			buildPhases = (
				0581E90F2BAC91A200453A25 /* Sources */,
				0581E9102BAC91A200453A25 /* Frameworks */,
				0581E9112BAC91A200453A25 /* Resources */,
			);
			buildRules = (
			);
			dependencies = (
			);
			name = TableViewJson;
			packageProductDependencies = (
				DA2886F02BAD167900BF93B7 /* Reachability */,
			);
			productName = TableViewJson;
			productReference = 0581E9132BAC91A200453A25 /* TableViewJson.app */;
			productType = "com.apple.product-type.application";
		};
		0581E9282BAC91A400453A25 /* TableViewJsonTests */ = {
			isa = PBXNativeTarget;
			buildConfigurationList = 0581E9402BAC91A400453A25 /* Build configuration list for PBXNativeTarget "TableViewJsonTests" */;
			buildPhases = (
				0581E9252BAC91A400453A25 /* Sources */,
				0581E9262BAC91A400453A25 /* Frameworks */,
				0581E9272BAC91A400453A25 /* Resources */,
			);
			buildRules = (
			);
			dependencies = (
				0581E92B2BAC91A400453A25 /* PBXTargetDependency */,
			);
			name = TableViewJsonTests;
			productName = TableViewJsonTests;
			productReference = 0581E9292BAC91A400453A25 /* TableViewJsonTests.xctest */;
			productType = "com.apple.product-type.bundle.unit-test";
		};
		0581E9322BAC91A400453A25 /* TableViewJsonUITests */ = {
			isa = PBXNativeTarget;
			buildConfigurationList = 0581E9432BAC91A400453A25 /* Build configuration list for PBXNativeTarget "TableViewJsonUITests" */;
			buildPhases = (
				0581E92F2BAC91A400453A25 /* Sources */,
				0581E9302BAC91A400453A25 /* Frameworks */,
				0581E9312BAC91A400453A25 /* Resources */,
			);
			buildRules = (
			);
			dependencies = (
				0581E9352BAC91A400453A25 /* PBXTargetDependency */,
			);
			name = TableViewJsonUITests;
			productName = TableViewJsonUITests;
			productReference = 0581E9332BAC91A400453A25 /* TableViewJsonUITests.xctest */;
			productType = "com.apple.product-type.bundle.ui-testing";
		};
/* End PBXNativeTarget section */

/* Begin PBXProject section */
		0581E90B2BAC91A200453A25 /* Project object */ = {
			isa = PBXProject;
			attributes = {
				BuildIndependentTargetsInParallel = 1;
				LastSwiftUpdateCheck = 1510;
				LastUpgradeCheck = 1510;
				TargetAttributes = {
					0581E9122BAC91A200453A25 = {
						CreatedOnToolsVersion = 15.1;
					};
					0581E9282BAC91A400453A25 = {
						CreatedOnToolsVersion = 15.1;
						TestTargetID = 0581E9122BAC91A200453A25;
					};
					0581E9322BAC91A400453A25 = {
						CreatedOnToolsVersion = 15.1;
						TestTargetID = 0581E9122BAC91A200453A25;
					};
				};
			};
			buildConfigurationList = 0581E90E2BAC91A200453A25 /* Build configuration list for PBXProject "TableViewJson" */;
			compatibilityVersion = "Xcode 14.0";
			developmentRegion = en;
			hasScannedForEncodings = 0;
			knownRegions = (
				en,
				Base,
			);
			mainGroup = 0581E90A2BAC91A200453A25;
			packageReferences = (
				DA2886EF2BAD167900BF93B7 /* XCRemoteSwiftPackageReference "Reachability" */,
			);
			productRefGroup = 0581E9142BAC91A200453A25 /* Products */;
			projectDirPath = "";
			projectRoot = "";
			targets = (
				0581E9122BAC91A200453A25 /* TableViewJson */,
				0581E9282BAC91A400453A25 /* TableViewJsonTests */,
				0581E9322BAC91A400453A25 /* TableViewJsonUITests */,
			);
		};
/* End PBXProject section */

/* Begin PBXResourcesBuildPhase section */
		0581E9112BAC91A200453A25 /* Resources */ = {
			isa = PBXResourcesBuildPhase;
			buildActionMask = 2147483647;
			files = (
				DA2887002BAD207200BF93B7 /* CountryCell.xib in Resources */,
				0581E9202BAC91A400453A25 /* Assets.xcassets in Resources */,
				DA28870E2BAD20D000BF93B7 /* Main.storyboard in Resources */,
				DA28870D2BAD20D000BF93B7 /* LaunchScreen.storyboard in Resources */,
			);
			runOnlyForDeploymentPostprocessing = 0;
		};
		0581E9272BAC91A400453A25 /* Resources */ = {
			isa = PBXResourcesBuildPhase;
			buildActionMask = 2147483647;
			files = (
			);
			runOnlyForDeploymentPostprocessing = 0;
		};
		0581E9312BAC91A400453A25 /* Resources */ = {
			isa = PBXResourcesBuildPhase;
			buildActionMask = 2147483647;
			files = (
			);
			runOnlyForDeploymentPostprocessing = 0;
		};
/* End PBXResourcesBuildPhase section */

/* Begin PBXSourcesBuildPhase section */
		0581E90F2BAC91A200453A25 /* Sources */ = {
			isa = PBXSourcesBuildPhase;
			buildActionMask = 2147483647;
			files = (
				DA2887082BAD209B00BF93B7 /* AppDelegate.swift in Sources */,
				DA2887092BAD209B00BF93B7 /* SceneDelegate.swift in Sources */,
				DA2887022BAD207200BF93B7 /* ViewController.swift in Sources */,
				DA2887032BAD207200BF93B7 /* Utility.swift in Sources */,
				DA2886FF2BAD207200BF93B7 /* CountryListM.swift in Sources */,
				DA2887042BAD207200BF93B7 /* CountryListVM.swift in Sources */,
				DA2887012BAD207200BF93B7 /* CountryCell.swift in Sources */,
			);
			runOnlyForDeploymentPostprocessing = 0;
		};
		0581E9252BAC91A400453A25 /* Sources */ = {
			isa = PBXSourcesBuildPhase;
			buildActionMask = 2147483647;
			files = (
				0581E92E2BAC91A400453A25 /* TableViewJsonTests.swift in Sources */,
			);
			runOnlyForDeploymentPostprocessing = 0;
		};
		0581E92F2BAC91A400453A25 /* Sources */ = {
			isa = PBXSourcesBuildPhase;
			buildActionMask = 2147483647;
			files = (
				0581E93A2BAC91A400453A25 /* TableViewJsonUITestsLaunchTests.swift in Sources */,
				0581E9382BAC91A400453A25 /* TableViewJsonUITests.swift in Sources */,
			);
			runOnlyForDeploymentPostprocessing = 0;
		};
/* End PBXSourcesBuildPhase section */

/* Begin PBXTargetDependency section */
		0581E92B2BAC91A400453A25 /* PBXTargetDependency */ = {
			isa = PBXTargetDependency;
			target = 0581E9122BAC91A200453A25 /* TableViewJson */;
			targetProxy = 0581E92A2BAC91A400453A25 /* PBXContainerItemProxy */;
		};
		0581E9352BAC91A400453A25 /* PBXTargetDependency */ = {
			isa = PBXTargetDependency;
			target = 0581E9122BAC91A200453A25 /* TableViewJson */;
			targetProxy = 0581E9342BAC91A400453A25 /* PBXContainerItemProxy */;
		};
/* End PBXTargetDependency section */

/* Begin XCBuildConfiguration section */
		0581E93B2BAC91A400453A25 /* Debug */ = {
			isa = XCBuildConfiguration;
			buildSettings = {
				ALWAYS_SEARCH_USER_PATHS = NO;
				ASSETCATALOG_COMPILER_GENERATE_SWIFT_ASSET_SYMBOL_EXTENSIONS = YES;
				CLANG_ANALYZER_NONNULL = YES;
				CLANG_ANALYZER_NUMBER_OBJECT_CONVERSION = YES_AGGRESSIVE;
				CLANG_CXX_LANGUAGE_STANDARD = "gnu++20";
				CLANG_ENABLE_MODULES = YES;
				CLANG_ENABLE_OBJC_ARC = YES;
				CLANG_ENABLE_OBJC_WEAK = YES;
				CLANG_WARN_BLOCK_CAPTURE_AUTORELEASING = YES;
				CLANG_WARN_BOOL_CONVERSION = YES;
				CLANG_WARN_COMMA = YES;
				CLANG_WARN_CONSTANT_CONVERSION = YES;
				CLANG_WARN_DEPRECATED_OBJC_IMPLEMENTATIONS = YES;
				CLANG_WARN_DIRECT_OBJC_ISA_USAGE = YES_ERROR;
				CLANG_WARN_DOCUMENTATION_COMMENTS = YES;
				CLANG_WARN_EMPTY_BODY = YES;
				CLANG_WARN_ENUM_CONVERSION = YES;
				CLANG_WARN_INFINITE_RECURSION = YES;
				CLANG_WARN_INT_CONVERSION = YES;
				CLANG_WARN_NON_LITERAL_NULL_CONVERSION = YES;
				CLANG_WARN_OBJC_IMPLICIT_RETAIN_SELF = YES;
				CLANG_WARN_OBJC_LITERAL_CONVERSION = YES;
				CLANG_WARN_OBJC_ROOT_CLASS = YES_ERROR;
				CLANG_WARN_QUOTED_INCLUDE_IN_FRAMEWORK_HEADER = YES;
				CLANG_WARN_RANGE_LOOP_ANALYSIS = YES;
				CLANG_WARN_STRICT_PROTOTYPES = YES;
				CLANG_WARN_SUSPICIOUS_MOVE = YES;
				CLANG_WARN_UNGUARDED_AVAILABILITY = YES_AGGRESSIVE;
				CLANG_WARN_UNREACHABLE_CODE = YES;
				CLANG_WARN__DUPLICATE_METHOD_MATCH = YES;
				COPY_PHASE_STRIP = NO;
				DEBUG_INFORMATION_FORMAT = dwarf;
				ENABLE_STRICT_OBJC_MSGSEND = YES;
				ENABLE_TESTABILITY = YES;
				ENABLE_USER_SCRIPT_SANDBOXING = YES;
				GCC_C_LANGUAGE_STANDARD = gnu17;
				GCC_DYNAMIC_NO_PIC = NO;
				GCC_NO_COMMON_BLOCKS = YES;
				GCC_OPTIMIZATION_LEVEL = 0;
				GCC_PREPROCESSOR_DEFINITIONS = (
					"DEBUG=1",
					"$(inherited)",
				);
				GCC_WARN_64_TO_32_BIT_CONVERSION = YES;
				GCC_WARN_ABOUT_RETURN_TYPE = YES_ERROR;
				GCC_WARN_UNDECLARED_SELECTOR = YES;
				GCC_WARN_UNINITIALIZED_AUTOS = YES_AGGRESSIVE;
				GCC_WARN_UNUSED_FUNCTION = YES;
				GCC_WARN_UNUSED_VARIABLE = YES;
				IPHONEOS_DEPLOYMENT_TARGET = 17.2;
				LOCALIZATION_PREFERS_STRING_CATALOGS = YES;
				MTL_ENABLE_DEBUG_INFO = INCLUDE_SOURCE;
				MTL_FAST_MATH = YES;
				ONLY_ACTIVE_ARCH = YES;
				SDKROOT = iphoneos;
				SWIFT_ACTIVE_COMPILATION_CONDITIONS = "DEBUG $(inherited)";
				SWIFT_OPTIMIZATION_LEVEL = "-Onone";
			};
			name = Debug;
		};
		0581E93C2BAC91A400453A25 /* Release */ = {
			isa = XCBuildConfiguration;
			buildSettings = {
				ALWAYS_SEARCH_USER_PATHS = NO;
				ASSETCATALOG_COMPILER_GENERATE_SWIFT_ASSET_SYMBOL_EXTENSIONS = YES;
				CLANG_ANALYZER_NONNULL = YES;
				CLANG_ANALYZER_NUMBER_OBJECT_CONVERSION = YES_AGGRESSIVE;
				CLANG_CXX_LANGUAGE_STANDARD = "gnu++20";
				CLANG_ENABLE_MODULES = YES;
				CLANG_ENABLE_OBJC_ARC = YES;
				CLANG_ENABLE_OBJC_WEAK = YES;
				CLANG_WARN_BLOCK_CAPTURE_AUTORELEASING = YES;
				CLANG_WARN_BOOL_CONVERSION = YES;
				CLANG_WARN_COMMA = YES;
				CLANG_WARN_CONSTANT_CONVERSION = YES;
				CLANG_WARN_DEPRECATED_OBJC_IMPLEMENTATIONS = YES;
				CLANG_WARN_DIRECT_OBJC_ISA_USAGE = YES_ERROR;
				CLANG_WARN_DOCUMENTATION_COMMENTS = YES;
				CLANG_WARN_EMPTY_BODY = YES;
				CLANG_WARN_ENUM_CONVERSION = YES;
				CLANG_WARN_INFINITE_RECURSION = YES;
				CLANG_WARN_INT_CONVERSION = YES;
				CLANG_WARN_NON_LITERAL_NULL_CONVERSION = YES;
				CLANG_WARN_OBJC_IMPLICIT_RETAIN_SELF = YES;
				CLANG_WARN_OBJC_LITERAL_CONVERSION = YES;
				CLANG_WARN_OBJC_ROOT_CLASS = YES_ERROR;
				CLANG_WARN_QUOTED_INCLUDE_IN_FRAMEWORK_HEADER = YES;
				CLANG_WARN_RANGE_LOOP_ANALYSIS = YES;
				CLANG_WARN_STRICT_PROTOTYPES = YES;
				CLANG_WARN_SUSPICIOUS_MOVE = YES;
				CLANG_WARN_UNGUARDED_AVAILABILITY = YES_AGGRESSIVE;
				CLANG_WARN_UNREACHABLE_CODE = YES;
				CLANG_WARN__DUPLICATE_METHOD_MATCH = YES;
				COPY_PHASE_STRIP = NO;
				DEBUG_INFORMATION_FORMAT = "dwarf-with-dsym";
				ENABLE_NS_ASSERTIONS = NO;
				ENABLE_STRICT_OBJC_MSGSEND = YES;
				ENABLE_USER_SCRIPT_SANDBOXING = YES;
				GCC_C_LANGUAGE_STANDARD = gnu17;
				GCC_NO_COMMON_BLOCKS = YES;
				GCC_WARN_64_TO_32_BIT_CONVERSION = YES;
				GCC_WARN_ABOUT_RETURN_TYPE = YES_ERROR;
				GCC_WARN_UNDECLARED_SELECTOR = YES;
				GCC_WARN_UNINITIALIZED_AUTOS = YES_AGGRESSIVE;
				GCC_WARN_UNUSED_FUNCTION = YES;
				GCC_WARN_UNUSED_VARIABLE = YES;
				IPHONEOS_DEPLOYMENT_TARGET = 17.2;
				LOCALIZATION_PREFERS_STRING_CATALOGS = YES;
				MTL_ENABLE_DEBUG_INFO = NO;
				MTL_FAST_MATH = YES;
				SDKROOT = iphoneos;
				SWIFT_COMPILATION_MODE = wholemodule;
				VALIDATE_PRODUCT = YES;
			};
			name = Release;
		};
		0581E93E2BAC91A400453A25 /* Debug */ = {
			isa = XCBuildConfiguration;
			buildSettings = {
				ASSETCATALOG_COMPILER_APPICON_NAME = AppIcon;
				ASSETCATALOG_COMPILER_GLOBAL_ACCENT_COLOR_NAME = AccentColor;
				CODE_SIGN_STYLE = Automatic;
				CURRENT_PROJECT_VERSION = 1;
				GENERATE_INFOPLIST_FILE = YES;
				INFOPLIST_FILE = TableViewJson/Info.plist;
				INFOPLIST_KEY_UIApplicationSupportsIndirectInputEvents = YES;
				INFOPLIST_KEY_UILaunchStoryboardName = LaunchScreen;
				INFOPLIST_KEY_UIMainStoryboardFile = Main;
				INFOPLIST_KEY_UISupportedInterfaceOrientations_iPad = "UIInterfaceOrientationPortrait UIInterfaceOrientationPortraitUpsideDown UIInterfaceOrientationLandscapeLeft UIInterfaceOrientationLandscapeRight";
				INFOPLIST_KEY_UISupportedInterfaceOrientations_iPhone = "UIInterfaceOrientationPortrait UIInterfaceOrientationLandscapeLeft UIInterfaceOrientationLandscapeRight";
				LD_RUNPATH_SEARCH_PATHS = (
					"$(inherited)",
					"@executable_path/Frameworks",
				);
				MARKETING_VERSION = 1.0;
				PRODUCT_BUNDLE_IDENTIFIER = "-Benny.com.TableViewJson";
				PRODUCT_NAME = "$(TARGET_NAME)";
				SWIFT_EMIT_LOC_STRINGS = YES;
				SWIFT_VERSION = 5.0;
				TARGETED_DEVICE_FAMILY = "1,2";
			};
			name = Debug;
		};
		0581E93F2BAC91A400453A25 /* Release */ = {
			isa = XCBuildConfiguration;
			buildSettings = {
				ASSETCATALOG_COMPILER_APPICON_NAME = AppIcon;
				ASSETCATALOG_COMPILER_GLOBAL_ACCENT_COLOR_NAME = AccentColor;
				CODE_SIGN_STYLE = Automatic;
				CURRENT_PROJECT_VERSION = 1;
				GENERATE_INFOPLIST_FILE = YES;
				INFOPLIST_FILE = TableViewJson/Info.plist;
				INFOPLIST_KEY_UIApplicationSupportsIndirectInputEvents = YES;
				INFOPLIST_KEY_UILaunchStoryboardName = LaunchScreen;
				INFOPLIST_KEY_UIMainStoryboardFile = Main;
				INFOPLIST_KEY_UISupportedInterfaceOrientations_iPad = "UIInterfaceOrientationPortrait UIInterfaceOrientationPortraitUpsideDown UIInterfaceOrientationLandscapeLeft UIInterfaceOrientationLandscapeRight";
				INFOPLIST_KEY_UISupportedInterfaceOrientations_iPhone = "UIInterfaceOrientationPortrait UIInterfaceOrientationLandscapeLeft UIInterfaceOrientationLandscapeRight";
				LD_RUNPATH_SEARCH_PATHS = (
					"$(inherited)",
					"@executable_path/Frameworks",
				);
				MARKETING_VERSION = 1.0;
				PRODUCT_BUNDLE_IDENTIFIER = "-Benny.com.TableViewJson";
				PRODUCT_NAME = "$(TARGET_NAME)";
				SWIFT_EMIT_LOC_STRINGS = YES;
				SWIFT_VERSION = 5.0;
				TARGETED_DEVICE_FAMILY = "1,2";
			};
			name = Release;
		};
		0581E9412BAC91A400453A25 /* Debug */ = {
			isa = XCBuildConfiguration;
			buildSettings = {
				ALWAYS_EMBED_SWIFT_STANDARD_LIBRARIES = YES;
				BUNDLE_LOADER = "$(TEST_HOST)";
				CODE_SIGN_STYLE = Automatic;
				CURRENT_PROJECT_VERSION = 1;
				GENERATE_INFOPLIST_FILE = YES;
				IPHONEOS_DEPLOYMENT_TARGET = 17.2;
				MARKETING_VERSION = 1.0;
				PRODUCT_BUNDLE_IDENTIFIER = "-Benny.com.TableViewJsonTests";
				PRODUCT_NAME = "$(TARGET_NAME)";
				SWIFT_EMIT_LOC_STRINGS = NO;
				SWIFT_VERSION = 5.0;
				TARGETED_DEVICE_FAMILY = "1,2";
				TEST_HOST = "$(BUILT_PRODUCTS_DIR)/TableViewJson.app/$(BUNDLE_EXECUTABLE_FOLDER_PATH)/TableViewJson";
			};
			name = Debug;
		};
		0581E9422BAC91A400453A25 /* Release */ = {
			isa = XCBuildConfiguration;
			buildSettings = {
				ALWAYS_EMBED_SWIFT_STANDARD_LIBRARIES = YES;
				BUNDLE_LOADER = "$(TEST_HOST)";
				CODE_SIGN_STYLE = Automatic;
				CURRENT_PROJECT_VERSION = 1;
				GENERATE_INFOPLIST_FILE = YES;
				IPHONEOS_DEPLOYMENT_TARGET = 17.2;
				MARKETING_VERSION = 1.0;
				PRODUCT_BUNDLE_IDENTIFIER = "-Benny.com.TableViewJsonTests";
				PRODUCT_NAME = "$(TARGET_NAME)";
				SWIFT_EMIT_LOC_STRINGS = NO;
				SWIFT_VERSION = 5.0;
				TARGETED_DEVICE_FAMILY = "1,2";
				TEST_HOST = "$(BUILT_PRODUCTS_DIR)/TableViewJson.app/$(BUNDLE_EXECUTABLE_FOLDER_PATH)/TableViewJson";
			};
			name = Release;
		};
		0581E9442BAC91A400453A25 /* Debug */ = {
			isa = XCBuildConfiguration;
			buildSettings = {
				ALWAYS_EMBED_SWIFT_STANDARD_LIBRARIES = YES;
				CODE_SIGN_STYLE = Automatic;
				CURRENT_PROJECT_VERSION = 1;
				GENERATE_INFOPLIST_FILE = YES;
				MARKETING_VERSION = 1.0;
				PRODUCT_BUNDLE_IDENTIFIER = "-Benny.com.TableViewJsonUITests";
				PRODUCT_NAME = "$(TARGET_NAME)";
				SWIFT_EMIT_LOC_STRINGS = NO;
				SWIFT_VERSION = 5.0;
				TARGETED_DEVICE_FAMILY = "1,2";
				TEST_TARGET_NAME = TableViewJson;
			};
			name = Debug;
		};
		0581E9452BAC91A400453A25 /* Release */ = {
			isa = XCBuildConfiguration;
			buildSettings = {
				ALWAYS_EMBED_SWIFT_STANDARD_LIBRARIES = YES;
				CODE_SIGN_STYLE = Automatic;
				CURRENT_PROJECT_VERSION = 1;
				GENERATE_INFOPLIST_FILE = YES;
				MARKETING_VERSION = 1.0;
				PRODUCT_BUNDLE_IDENTIFIER = "-Benny.com.TableViewJsonUITests";
				PRODUCT_NAME = "$(TARGET_NAME)";
				SWIFT_EMIT_LOC_STRINGS = NO;
				SWIFT_VERSION = 5.0;
				TARGETED_DEVICE_FAMILY = "1,2";
				TEST_TARGET_NAME = TableViewJson;
			};
			name = Release;
		};
/* End XCBuildConfiguration section */

/* Begin XCConfigurationList section */
		0581E90E2BAC91A200453A25 /* Build configuration list for PBXProject "TableViewJson" */ = {
			isa = XCConfigurationList;
			buildConfigurations = (
				0581E93B2BAC91A400453A25 /* Debug */,
				0581E93C2BAC91A400453A25 /* Release */,
			);
			defaultConfigurationIsVisible = 0;
			defaultConfigurationName = Release;
		};
		0581E93D2BAC91A400453A25 /* Build configuration list for PBXNativeTarget "TableViewJson" */ = {
			isa = XCConfigurationList;
			buildConfigurations = (
				0581E93E2BAC91A400453A25 /* Debug */,
				0581E93F2BAC91A400453A25 /* Release */,
			);
			defaultConfigurationIsVisible = 0;
			defaultConfigurationName = Release;
		};
		0581E9402BAC91A400453A25 /* Build configuration list for PBXNativeTarget "TableViewJsonTests" */ = {
			isa = XCConfigurationList;
			buildConfigurations = (
				0581E9412BAC91A400453A25 /* Debug */,
				0581E9422BAC91A400453A25 /* Release */,
			);
			defaultConfigurationIsVisible = 0;
			defaultConfigurationName = Release;
		};
		0581E9432BAC91A400453A25 /* Build configuration list for PBXNativeTarget "TableViewJsonUITests" */ = {
			isa = XCConfigurationList;
			buildConfigurations = (
				0581E9442BAC91A400453A25 /* Debug */,
				0581E9452BAC91A400453A25 /* Release */,
			);
			defaultConfigurationIsVisible = 0;
			defaultConfigurationName = Release;
		};
/* End XCConfigurationList section */

/* Begin XCRemoteSwiftPackageReference section */
		DA2886EF2BAD167900BF93B7 /* XCRemoteSwiftPackageReference "Reachability" */ = {
			isa = XCRemoteSwiftPackageReference;
			repositoryURL = "https://github.com/ashleymills/Reachability.swift";
			requirement = {
				branch = master;
				kind = branch;
			};
		};
/* End XCRemoteSwiftPackageReference section */

/* Begin XCSwiftPackageProductDependency section */
		DA2886F02BAD167900BF93B7 /* Reachability */ = {
			isa = XCSwiftPackageProductDependency;
			package = DA2886EF2BAD167900BF93B7 /* XCRemoteSwiftPackageReference "Reachability" */;
			productName = Reachability;
		};
/* End XCSwiftPackageProductDependency section */
	};
	rootObject = 0581E90B2BAC91A200453A25 /* Project object */;
}
